
Microsoft Visual Studio Solution File, Format Version 12.00
# Visual Studio Version 17
VisualStudioVersion = 17.0.32126.317
MinimumVisualStudioVersion = 10.0.40219.1
Project("{FAE04EC0-301F-11D3-BF4B-00C04F79EFBC}") = "CrownWebApplication", "CrownWebApplication.csproj", "{FBE3676B-50B2-444A-B79D-6530A00FB3B6}"
EndProject
Global
	GlobalSection(SolutionConfigurationPlatforms) = preSolution
		Debug|Any CPU = Debug|Any CPU
		Release|Any CPU = Release|Any CPU
	EndGlobalSection
	GlobalSection(ProjectConfigurationPlatforms) = postSolution
		{FBE3676B-50B2-444A-B79D-6530A00FB3B6}.Debug|Any CPU.ActiveCfg = Debug|Any CPU
		{FBE3676B-50B2-444A-B79D-6530A00FB3B6}.Debug|Any CPU.Build.0 = Debug|Any CPU
		{FBE3676B-50B2-444A-B79D-6530A00FB3B6}.Release|Any CPU.ActiveCfg = Release|Any CPU
		{FBE3676B-50B2-444A-B79D-6530A00FB3B6}.Release|Any CPU.Build.0 = Release|Any CPU
	EndGlobalSection
	GlobalSection(SolutionProperties) = preSolution
		HideSolutionNode = FALSE
	EndGlobalSection
	GlobalSection(ExtensibilityGlobals) = postSolution
		SolutionGuid = {517FEC7E-9F4A-4E01-B216-F84EBA37FA0F}
	EndGlobalSection
EndGlobal
